
Microsoft Visual Studio Solution File, Format Version 12.00
# Visual Studio Version 17
VisualStudioVersion = 17.2.32519.379
MinimumVisualStudioVersion = 10.0.40219.1
Project("{FAE04EC0-301F-11D3-BF4B-00C04F79EFBC}") = "PanelCFDIs", "PanelCFDIs\PanelCFDIs.csproj", "{3AB3A3A5-D850-46E2-AC59-454BB4C9E026}"
EndProject
Global
	GlobalSection(SolutionConfigurationPlatforms) = preSolution
		Debug|Any CPU = Debug|Any CPU
		Release|Any CPU = Release|Any CPU
	EndGlobalSection
	GlobalSection(ProjectConfigurationPlatforms) = postSolution
		{3AB3A3A5-D850-46E2-AC59-454BB4C9E026}.Debug|Any CPU.ActiveCfg = Debug|Any CPU
		{3AB3A3A5-D850-46E2-AC59-454BB4C9E026}.Debug|Any CPU.Build.0 = Debug|Any CPU
		{3AB3A3A5-D850-46E2-AC59-454BB4C9E026}.Release|Any CPU.ActiveCfg = Release|Any CPU
		{3AB3A3A5-D850-46E2-AC59-454BB4C9E026}.Release|Any CPU.Build.0 = Release|Any CPU
	EndGlobalSection
	GlobalSection(SolutionProperties) = preSolution
		HideSolutionNode = FALSE
	EndGlobalSection
	GlobalSection(ExtensibilityGlobals) = postSolution
		SolutionGuid = {8F9522FA-83CB-43E2-833A-67B2CE660E63}
	EndGlobalSection
EndGlobal
